
Microsoft Visual Studio Solution File, Format Version 12.00
# Visual Studio Version 17
VisualStudioVersion = 17.4.33213.308
MinimumVisualStudioVersion = 10.0.40219.1
Project("{FAE04EC0-301F-11D3-BF4B-00C04F79EFBC}") = "StudyGroupDiary", "StudyGroupDiary\StudyGroupDiary.csproj", "{97FF3D01-0471-4935-8257-438A6CBFC8CA}"
EndProject
Global
	GlobalSection(SolutionConfigurationPlatforms) = preSolution
		Debug|Any CPU = Debug|Any CPU
		Release|Any CPU = Release|Any CPU
	EndGlobalSection
	GlobalSection(ProjectConfigurationPlatforms) = postSolution
		{97FF3D01-0471-4935-8257-438A6CBFC8CA}.Debug|Any CPU.ActiveCfg = Debug|Any CPU
		{97FF3D01-0471-4935-8257-438A6CBFC8CA}.Debug|Any CPU.Build.0 = Debug|Any CPU
		{97FF3D01-0471-4935-8257-438A6CBFC8CA}.Release|Any CPU.ActiveCfg = Release|Any CPU
		{97FF3D01-0471-4935-8257-438A6CBFC8CA}.Release|Any CPU.Build.0 = Release|Any CPU
	EndGlobalSection
	GlobalSection(SolutionProperties) = preSolution
		HideSolutionNode = FALSE
	EndGlobalSection
	GlobalSection(ExtensibilityGlobals) = postSolution
		SolutionGuid = {C8CFAE55-3D7A-4A3F-AE06-C339A854A3E3}
	EndGlobalSection
EndGlobal
